{
  "nodes": {
    "nixos-hardware": {
      "locked": {
        "lastModified": 1675933606,
        "narHash": "sha256-y427VhPQHOKkYvkc9MMsL/2R7M11rQxzsRdRLM3htx8=",
        "owner": "NixOS",
        "repo": "nixos-hardware",
        "rev": "44ae00e02e8036a66c08f4decdece7e3bbbefee2",
        "type": "github"
      },
      "original": {
        "owner": "NixOS",
        "repo": "nixos-hardware",
        "type": "github"
      }
    },
    "nixpkgs": {
      "locked": {
        "lastModified": 1675758091,
        "narHash": "sha256-7gFSQbSVAFUHtGCNHPF7mPc5CcqDk9M2+inlVPZSneg=",
        "owner": "NixOS",
        "repo": "nixpkgs",
        "rev": "747927516efcb5e31ba03b7ff32f61f6d47e7d87",
        "type": "github"
      },
      "original": {
        "owner": "NixOS",
        "ref": "nixpkgs-unstable",
        "repo": "nixpkgs",
        "type": "github"
      }
    },
    "root": {
      "inputs": {
        "nixos-hardware": "nixos-hardware",
        "nixpkgs": "nixpkgs"
      }
    }
  },
  "root": "root",
  "version": 7
}
